
Microsoft Visual Studio Solution File, Format Version 12.00
# Visual Studio Version 17
VisualStudioVersion = 17.1.32328.378
MinimumVisualStudioVersion = 10.0.40219.1
Project("{9A19103F-16F7-4668-BE54-9A1E7A4F7556}") = "LandingPage.API", "LandingPage.API\LandingPage.API.csproj", "{BAB461DB-04A3-4681-BEE0-09B41BC4715E}"
EndProject
Project("{9A19103F-16F7-4668-BE54-9A1E7A4F7556}") = "LandingPage.Server", "LandingPage.Server\LandingPage.Server.csproj", "{D1930405-3E84-407F-9A30-49A9A1D961EC}"
EndProject
Global
	GlobalSection(SolutionConfigurationPlatforms) = preSolution
		Debug|Any CPU = Debug|Any CPU
		Release|Any CPU = Release|Any CPU
	EndGlobalSection
	GlobalSection(ProjectConfigurationPlatforms) = postSolution
		{BAB461DB-04A3-4681-BEE0-09B41BC4715E}.Debug|Any CPU.ActiveCfg = Debug|Any CPU
		{BAB461DB-04A3-4681-BEE0-09B41BC4715E}.Debug|Any CPU.Build.0 = Debug|Any CPU
		{BAB461DB-04A3-4681-BEE0-09B41BC4715E}.Release|Any CPU.ActiveCfg = Release|Any CPU
		{BAB461DB-04A3-4681-BEE0-09B41BC4715E}.Release|Any CPU.Build.0 = Release|Any CPU
		{D1930405-3E84-407F-9A30-49A9A1D961EC}.Debug|Any CPU.ActiveCfg = Debug|Any CPU
		{D1930405-3E84-407F-9A30-49A9A1D961EC}.Debug|Any CPU.Build.0 = Debug|Any CPU
		{D1930405-3E84-407F-9A30-49A9A1D961EC}.Release|Any CPU.ActiveCfg = Release|Any CPU
		{D1930405-3E84-407F-9A30-49A9A1D961EC}.Release|Any CPU.Build.0 = Release|Any CPU
	EndGlobalSection
	GlobalSection(SolutionProperties) = preSolution
		HideSolutionNode = FALSE
	EndGlobalSection
	GlobalSection(ExtensibilityGlobals) = postSolution
		SolutionGuid = {03E26A8F-9862-4FA2-91A3-14937EA050D6}
	EndGlobalSection
EndGlobal
